
Microsoft Visual Studio Solution File, Format Version 12.00
# Visual Studio 2012
Project("{F184B08F-C81C-45F6-A57F-5ABD9991F28F}") = "2350450-7-1", "2350450-7-1.vbproj", "{1381AB6A-46C9-47CA-B592-8DE14DDAE3DF}"
EndProject
Global
	GlobalSection(SolutionConfigurationPlatforms) = preSolution
		Debug|Any CPU = Debug|Any CPU
		Release|Any CPU = Release|Any CPU
	EndGlobalSection
	GlobalSection(ProjectConfigurationPlatforms) = postSolution
		{1381AB6A-46C9-47CA-B592-8DE14DDAE3DF}.Debug|Any CPU.ActiveCfg = Debug|Any CPU
		{1381AB6A-46C9-47CA-B592-8DE14DDAE3DF}.Debug|Any CPU.Build.0 = Debug|Any CPU
		{1381AB6A-46C9-47CA-B592-8DE14DDAE3DF}.Release|Any CPU.ActiveCfg = Release|Any CPU
		{1381AB6A-46C9-47CA-B592-8DE14DDAE3DF}.Release|Any CPU.Build.0 = Release|Any CPU
	EndGlobalSection
	GlobalSection(SolutionProperties) = preSolution
		HideSolutionNode = FALSE
	EndGlobalSection
EndGlobal
